
Microsoft Visual Studio Solution File, Format Version 12.00
# Visual Studio Version 17
VisualStudioVersion = 17.7.34018.315
MinimumVisualStudioVersion = 10.0.40219.1
Project("{9A19103F-16F7-4668-BE54-9A1E7A4F7556}") = "binview.cli", "binview.cli\binview.cli.csproj", "{1EF76410-DD03-4903-AE74-E679F03BED38}"
EndProject
Project("{2150E333-8FDC-42A3-9474-1A3956D46DE8}") = "Solution Items", "Solution Items", "{2F977C81-829F-437A-A057-6D3A4C84AC23}"
	ProjectSection(SolutionItems) = preProject
		.editorconfig = .editorconfig
	EndProjectSection
EndProject
Global
	GlobalSection(SolutionConfigurationPlatforms) = preSolution
		Debug|Any CPU = Debug|Any CPU
		Release|Any CPU = Release|Any CPU
	EndGlobalSection
	GlobalSection(ProjectConfigurationPlatforms) = postSolution
		{1EF76410-DD03-4903-AE74-E679F03BED38}.Debug|Any CPU.ActiveCfg = Debug|Any CPU
		{1EF76410-DD03-4903-AE74-E679F03BED38}.Debug|Any CPU.Build.0 = Debug|Any CPU
		{1EF76410-DD03-4903-AE74-E679F03BED38}.Release|Any CPU.ActiveCfg = Release|Any CPU
		{1EF76410-DD03-4903-AE74-E679F03BED38}.Release|Any CPU.Build.0 = Release|Any CPU
	EndGlobalSection
	GlobalSection(SolutionProperties) = preSolution
		HideSolutionNode = FALSE
	EndGlobalSection
	GlobalSection(ExtensibilityGlobals) = postSolution
		SolutionGuid = {5830AE30-D774-4EE3-B8F5-03E2D13944E0}
	EndGlobalSection
EndGlobal
